
Microsoft Visual Studio Solution File, Format Version 12.00
# Visual Studio Version 16
VisualStudioVersion = 16.0.31105.61
MinimumVisualStudioVersion = 10.0.40219.1
Project("{FAE04EC0-301F-11D3-BF4B-00C04F79EFBC}") = "PS_NET_2", "PS_NET_2.csproj", "{9AC6C3D2-B4E2-481B-839D-2B484F052502}"
EndProject
Global
	GlobalSection(SolutionConfigurationPlatforms) = preSolution
		Debug|Any CPU = Debug|Any CPU
		Release|Any CPU = Release|Any CPU
	EndGlobalSection
	GlobalSection(ProjectConfigurationPlatforms) = postSolution
		{9AC6C3D2-B4E2-481B-839D-2B484F052502}.Debug|Any CPU.ActiveCfg = Debug|Any CPU
		{9AC6C3D2-B4E2-481B-839D-2B484F052502}.Debug|Any CPU.Build.0 = Debug|Any CPU
		{9AC6C3D2-B4E2-481B-839D-2B484F052502}.Release|Any CPU.ActiveCfg = Release|Any CPU
		{9AC6C3D2-B4E2-481B-839D-2B484F052502}.Release|Any CPU.Build.0 = Release|Any CPU
	EndGlobalSection
	GlobalSection(SolutionProperties) = preSolution
		HideSolutionNode = FALSE
	EndGlobalSection
	GlobalSection(ExtensibilityGlobals) = postSolution
		SolutionGuid = {654F1B67-922C-4BE2-97BF-6317E5F54C50}
	EndGlobalSection
EndGlobal
